
Microsoft Visual Studio Solution File, Format Version 12.00
# Visual Studio Version 16
VisualStudioVersion = 16.0.30717.126
MinimumVisualStudioVersion = 10.0.40219.1
Project("{9A19103F-16F7-4668-BE54-9A1E7A4F7556}") = "WalletAPI.Services.API", "WalletAPI.Services.API\WalletAPI.Services.API.csproj", "{89630CE0-F8E6-462B-8422-4E9A2EBDD12A}"
EndProject
Project("{9A19103F-16F7-4668-BE54-9A1E7A4F7556}") = "WalletAPI.Commons.Utilities", "WalletAPI.Commons.Utilities\WalletAPI.Commons.Utilities.csproj", "{92B70F6E-A576-4424-BEC3-D0E4B0E68B75}"
EndProject
Project("{9A19103F-16F7-4668-BE54-9A1E7A4F7556}") = "WalletAPI.Services.Models", "WalletAPI.Services.Models\WalletAPI.Services.Models.csproj", "{4967E559-56D3-476E-A61A-6D34E3593F96}"
EndProject
Project("{9A19103F-16F7-4668-BE54-9A1E7A4F7556}") = "WalletAPI.Services.Data", "WalletAPI.Services.Data\WalletAPI.Services.Data.csproj", "{D2434A57-48FD-4288-B101-FE6426B3BDD7}"
EndProject
Project("{FAE04EC0-301F-11D3-BF4B-00C04F79EFBC}") = "WalletAPI.Services.DTOs", "WalletAPI.Services.DTOs\WalletAPI.Services.DTOs.csproj", "{0F543CD1-114E-4A3A-A0CF-583D3A27A948}"
EndProject
Project("{FAE04EC0-301F-11D3-BF4B-00C04F79EFBC}") = "WalletAPI.Services.Core", "WalletAPI.Services.Core\WalletAPI.Services.Core.csproj", "{4BF30CDA-F9C4-4DC4-A502-11B29A195A9B}"
EndProject
Global
	GlobalSection(SolutionConfigurationPlatforms) = preSolution
		Debug|Any CPU = Debug|Any CPU
		Release|Any CPU = Release|Any CPU
	EndGlobalSection
	GlobalSection(ProjectConfigurationPlatforms) = postSolution
		{89630CE0-F8E6-462B-8422-4E9A2EBDD12A}.Debug|Any CPU.ActiveCfg = Debug|Any CPU
		{89630CE0-F8E6-462B-8422-4E9A2EBDD12A}.Debug|Any CPU.Build.0 = Debug|Any CPU
		{89630CE0-F8E6-462B-8422-4E9A2EBDD12A}.Release|Any CPU.ActiveCfg = Release|Any CPU
		{89630CE0-F8E6-462B-8422-4E9A2EBDD12A}.Release|Any CPU.Build.0 = Release|Any CPU
		{92B70F6E-A576-4424-BEC3-D0E4B0E68B75}.Debug|Any CPU.ActiveCfg = Debug|Any CPU
		{92B70F6E-A576-4424-BEC3-D0E4B0E68B75}.Debug|Any CPU.Build.0 = Debug|Any CPU
		{92B70F6E-A576-4424-BEC3-D0E4B0E68B75}.Release|Any CPU.ActiveCfg = Release|Any CPU
		{92B70F6E-A576-4424-BEC3-D0E4B0E68B75}.Release|Any CPU.Build.0 = Release|Any CPU
		{4967E559-56D3-476E-A61A-6D34E3593F96}.Debug|Any CPU.ActiveCfg = Debug|Any CPU
		{4967E559-56D3-476E-A61A-6D34E3593F96}.Debug|Any CPU.Build.0 = Debug|Any CPU
		{4967E559-56D3-476E-A61A-6D34E3593F96}.Release|Any CPU.ActiveCfg = Release|Any CPU
		{4967E559-56D3-476E-A61A-6D34E3593F96}.Release|Any CPU.Build.0 = Release|Any CPU
		{D2434A57-48FD-4288-B101-FE6426B3BDD7}.Debug|Any CPU.ActiveCfg = Debug|Any CPU
		{D2434A57-48FD-4288-B101-FE6426B3BDD7}.Debug|Any CPU.Build.0 = Debug|Any CPU
		{D2434A57-48FD-4288-B101-FE6426B3BDD7}.Release|Any CPU.ActiveCfg = Release|Any CPU
		{D2434A57-48FD-4288-B101-FE6426B3BDD7}.Release|Any CPU.Build.0 = Release|Any CPU
		{0F543CD1-114E-4A3A-A0CF-583D3A27A948}.Debug|Any CPU.ActiveCfg = Debug|Any CPU
		{0F543CD1-114E-4A3A-A0CF-583D3A27A948}.Debug|Any CPU.Build.0 = Debug|Any CPU
		{0F543CD1-114E-4A3A-A0CF-583D3A27A948}.Release|Any CPU.ActiveCfg = Release|Any CPU
		{0F543CD1-114E-4A3A-A0CF-583D3A27A948}.Release|Any CPU.Build.0 = Release|Any CPU
		{4BF30CDA-F9C4-4DC4-A502-11B29A195A9B}.Debug|Any CPU.ActiveCfg = Debug|Any CPU
		{4BF30CDA-F9C4-4DC4-A502-11B29A195A9B}.Debug|Any CPU.Build.0 = Debug|Any CPU
		{4BF30CDA-F9C4-4DC4-A502-11B29A195A9B}.Release|Any CPU.ActiveCfg = Release|Any CPU
		{4BF30CDA-F9C4-4DC4-A502-11B29A195A9B}.Release|Any CPU.Build.0 = Release|Any CPU
	EndGlobalSection
	GlobalSection(SolutionProperties) = preSolution
		HideSolutionNode = FALSE
	EndGlobalSection
	GlobalSection(ExtensibilityGlobals) = postSolution
		SolutionGuid = {8ACC9278-DE46-4AA9-A6BC-80AD7A26D3B1}
	EndGlobalSection
EndGlobal
